
Microsoft Visual Studio Solution File, Format Version 12.00
# Visual Studio Version 17
VisualStudioVersion = 17.10.35027.167
MinimumVisualStudioVersion = 10.0.40219.1
Project("{FAE04EC0-301F-11D3-BF4B-00C04F79EFBC}") = "Website_Mua_Ban_Rao_Vat", "Website_Mua_Ban_Rao_Vat\Website_Mua_Ban_Rao_Vat.csproj", "{2E24874C-B4B7-4DAA-B420-C01A1AA0A93B}"
EndProject
Global
	GlobalSection(SolutionConfigurationPlatforms) = preSolution
		Debug|Any CPU = Debug|Any CPU
		Release|Any CPU = Release|Any CPU
	EndGlobalSection
	GlobalSection(ProjectConfigurationPlatforms) = postSolution
		{2E24874C-B4B7-4DAA-B420-C01A1AA0A93B}.Debug|Any CPU.ActiveCfg = Debug|Any CPU
		{2E24874C-B4B7-4DAA-B420-C01A1AA0A93B}.Debug|Any CPU.Build.0 = Debug|Any CPU
		{2E24874C-B4B7-4DAA-B420-C01A1AA0A93B}.Release|Any CPU.ActiveCfg = Release|Any CPU
		{2E24874C-B4B7-4DAA-B420-C01A1AA0A93B}.Release|Any CPU.Build.0 = Release|Any CPU
	EndGlobalSection
	GlobalSection(SolutionProperties) = preSolution
		HideSolutionNode = FALSE
	EndGlobalSection
	GlobalSection(ExtensibilityGlobals) = postSolution
		SolutionGuid = {B5C070F0-FADC-4086-A68F-4BDE1D9BC26B}
	EndGlobalSection
EndGlobal
